
Microsoft Visual Studio Solution File, Format Version 12.00
# Visual Studio 14
VisualStudioVersion = 14.0.24720.0
MinimumVisualStudioVersion = 10.0.40219.1
Project("{8BC9CEB8-8B4A-11D0-8D11-00A0C91BC942}") = "PETest", "PETest\PETest.vcxproj", "{71A21BDB-3965-4C93-B605-31D86BBBAA91}"
	ProjectSection(ProjectDependencies) = postProject
		{6A2B410B-8C18-4F21-852A-D4C39D29C2B3} = {6A2B410B-8C18-4F21-852A-D4C39D29C2B3}
	EndProjectSection
EndProject
Project("{8BC9CEB8-8B4A-11D0-8D11-00A0C91BC942}") = "Load", "Load\Load.vcxproj", "{6A2B410B-8C18-4F21-852A-D4C39D29C2B3}"
EndProject
Global
	GlobalSection(SolutionConfigurationPlatforms) = preSolution
		Debug|x64 = Debug|x64
		Debug|x86 = Debug|x86
		Release|x64 = Release|x64
		Release|x86 = Release|x86
	EndGlobalSection
	GlobalSection(ProjectConfigurationPlatforms) = postSolution
		{71A21BDB-3965-4C93-B605-31D86BBBAA91}.Debug|x64.ActiveCfg = Debug|x64
		{71A21BDB-3965-4C93-B605-31D86BBBAA91}.Debug|x64.Build.0 = Debug|x64
		{71A21BDB-3965-4C93-B605-31D86BBBAA91}.Debug|x86.ActiveCfg = Debug|Win32
		{71A21BDB-3965-4C93-B605-31D86BBBAA91}.Debug|x86.Build.0 = Debug|Win32
		{71A21BDB-3965-4C93-B605-31D86BBBAA91}.Release|x64.ActiveCfg = Release|x64
		{71A21BDB-3965-4C93-B605-31D86BBBAA91}.Release|x64.Build.0 = Release|x64
		{71A21BDB-3965-4C93-B605-31D86BBBAA91}.Release|x86.ActiveCfg = Release|Win32
		{71A21BDB-3965-4C93-B605-31D86BBBAA91}.Release|x86.Build.0 = Release|Win32
		{6A2B410B-8C18-4F21-852A-D4C39D29C2B3}.Debug|x64.ActiveCfg = Debug|x64
		{6A2B410B-8C18-4F21-852A-D4C39D29C2B3}.Debug|x64.Build.0 = Debug|x64
		{6A2B410B-8C18-4F21-852A-D4C39D29C2B3}.Debug|x86.ActiveCfg = Debug|Win32
		{6A2B410B-8C18-4F21-852A-D4C39D29C2B3}.Debug|x86.Build.0 = Debug|Win32
		{6A2B410B-8C18-4F21-852A-D4C39D29C2B3}.Release|x64.ActiveCfg = Release|x64
		{6A2B410B-8C18-4F21-852A-D4C39D29C2B3}.Release|x64.Build.0 = Release|x64
		{6A2B410B-8C18-4F21-852A-D4C39D29C2B3}.Release|x86.ActiveCfg = Release|Win32
		{6A2B410B-8C18-4F21-852A-D4C39D29C2B3}.Release|x86.Build.0 = Release|Win32
	EndGlobalSection
	GlobalSection(SolutionProperties) = preSolution
		HideSolutionNode = FALSE
	EndGlobalSection
EndGlobal
